
Microsoft Visual Studio Solution File, Format Version 12.00
# Visual Studio Version 16
VisualStudioVersion = 16.0.29613.14
MinimumVisualStudioVersion = 10.0.40219.1
Project("{9A19103F-16F7-4668-BE54-9A1E7A4F7556}") = "Task3", "Task3.csproj", "{23F620AA-7A5A-41CB-91EA-93C476D1760F}"
EndProject
Project("{9A19103F-16F7-4668-BE54-9A1E7A4F7556}") = "Billing", "..\Billing\Billing.csproj", "{58FF7104-BF39-4698-B4F4-AFA7C30D1D29}"
EndProject
Project("{9A19103F-16F7-4668-BE54-9A1E7A4F7556}") = "AutomaticTelephoneExchange", "..\ATE\AutomaticTelephoneExchange.csproj", "{0F442B5A-CAB6-4DE2-B6D4-3219CBB628B4}"
EndProject
Global
	GlobalSection(SolutionConfigurationPlatforms) = preSolution
		Debug|Any CPU = Debug|Any CPU
		Release|Any CPU = Release|Any CPU
	EndGlobalSection
	GlobalSection(ProjectConfigurationPlatforms) = postSolution
		{23F620AA-7A5A-41CB-91EA-93C476D1760F}.Debug|Any CPU.ActiveCfg = Debug|Any CPU
		{23F620AA-7A5A-41CB-91EA-93C476D1760F}.Debug|Any CPU.Build.0 = Debug|Any CPU
		{23F620AA-7A5A-41CB-91EA-93C476D1760F}.Release|Any CPU.ActiveCfg = Release|Any CPU
		{23F620AA-7A5A-41CB-91EA-93C476D1760F}.Release|Any CPU.Build.0 = Release|Any CPU
		{58FF7104-BF39-4698-B4F4-AFA7C30D1D29}.Debug|Any CPU.ActiveCfg = Debug|Any CPU
		{58FF7104-BF39-4698-B4F4-AFA7C30D1D29}.Debug|Any CPU.Build.0 = Debug|Any CPU
		{58FF7104-BF39-4698-B4F4-AFA7C30D1D29}.Release|Any CPU.ActiveCfg = Release|Any CPU
		{58FF7104-BF39-4698-B4F4-AFA7C30D1D29}.Release|Any CPU.Build.0 = Release|Any CPU
		{0F442B5A-CAB6-4DE2-B6D4-3219CBB628B4}.Debug|Any CPU.ActiveCfg = Debug|Any CPU
		{0F442B5A-CAB6-4DE2-B6D4-3219CBB628B4}.Debug|Any CPU.Build.0 = Debug|Any CPU
		{0F442B5A-CAB6-4DE2-B6D4-3219CBB628B4}.Release|Any CPU.ActiveCfg = Release|Any CPU
		{0F442B5A-CAB6-4DE2-B6D4-3219CBB628B4}.Release|Any CPU.Build.0 = Release|Any CPU
	EndGlobalSection
	GlobalSection(SolutionProperties) = preSolution
		HideSolutionNode = FALSE
	EndGlobalSection
	GlobalSection(ExtensibilityGlobals) = postSolution
		SolutionGuid = {73248E36-9AC2-4674-BCF9-BD7EAB7910E4}
	EndGlobalSection
EndGlobal
